
Microsoft Visual Studio Solution File, Format Version 9.00
# Visual Studio 2005
Project("{8BC9CEB8-8B4A-11D0-8D11-00A0C91BC942}") = "Bakmei Export", "Bakmei Export.vcproj", "{AF5CD60A-41D8-464B-836C-34F2E771CE7B}"
EndProject
Global
	GlobalSection(SolutionConfigurationPlatforms) = preSolution
		Debug|Win32 = Debug|Win32
		Release|Win32 = Release|Win32
	EndGlobalSection
	GlobalSection(ProjectConfigurationPlatforms) = postSolution
		{AF5CD60A-41D8-464B-836C-34F2E771CE7B}.Debug|Win32.ActiveCfg = Debug|Win32
		{AF5CD60A-41D8-464B-836C-34F2E771CE7B}.Debug|Win32.Build.0 = Debug|Win32
		{AF5CD60A-41D8-464B-836C-34F2E771CE7B}.Release|Win32.ActiveCfg = Release|Win32
		{AF5CD60A-41D8-464B-836C-34F2E771CE7B}.Release|Win32.Build.0 = Release|Win32
	EndGlobalSection
	GlobalSection(SolutionProperties) = preSolution
		HideSolutionNode = FALSE
	EndGlobalSection
EndGlobal
